
Microsoft Visual Studio Solution File, Format Version 12.00
# Visual Studio Version 17
VisualStudioVersion = 17.14.36414.22
MinimumVisualStudioVersion = 10.0.40219.1
Project("{FAE04EC0-301F-11D3-BF4B-00C04F79EFBC}") = "Project_QuanLyBanLe", "Project_QuanLyBanLe\Project_QuanLyBanLe.csproj", "{309A2369-43F3-4794-83E5-1E10F4CCAD1E}"
EndProject
Project("{FAE04EC0-301F-11D3-BF4B-00C04F79EFBC}") = "BLL", "BLL\BLL.csproj", "{BC33FBC6-065C-49B0-BC9D-927047CA960B}"
EndProject
Project("{FAE04EC0-301F-11D3-BF4B-00C04F79EFBC}") = "DAL", "DAL\DAL.csproj", "{B6B37172-3727-4C14-818E-B9241E9BAC70}"
EndProject
Project("{FAE04EC0-301F-11D3-BF4B-00C04F79EFBC}") = "Models", "Models\Models.csproj", "{39643904-210C-4BE5-B738-F238FC685244}"
EndProject
Project("{FAE04EC0-301F-11D3-BF4B-00C04F79EFBC}") = "API.Gateway", "API.Gateway\API.Gateway.csproj", "{741F7B12-D895-49B2-9886-689BC5E887A8}"
EndProject
Project("{FAE04EC0-301F-11D3-BF4B-00C04F79EFBC}") = "API.DanhMuc", "API.DanhMuc\API.DanhMuc.csproj", "{CCEBC054-6CE0-4E97-9C58-0E6C9A9C31DE}"
EndProject
Project("{FAE04EC0-301F-11D3-BF4B-00C04F79EFBC}") = "API.SanPham", "API.SanPham\API.SanPham.csproj", "{B0699616-B267-493D-BEA7-676D8D6175ED}"
EndProject
Project("{FAE04EC0-301F-11D3-BF4B-00C04F79EFBC}") = "API_ChiTietNhap", "API_ChiTietNhap\API_ChiTietNhap.csproj", "{06F8B8FC-6B95-4D62-9848-AC1C2C14F1ED}"
EndProject
Project("{FAE04EC0-301F-11D3-BF4B-00C04F79EFBC}") = "API_ChiTietBan", "API_ChiTietBan\API_ChiTietBan.csproj", "{F8AE83D3-6D30-464D-9E21-BFB3800F608C}"
EndProject
Project("{FAE04EC0-301F-11D3-BF4B-00C04F79EFBC}") = "API_HoaDonBan", "API_HoaDonBan\API_HoaDonBan.csproj", "{BC806AD6-D7E3-40D0-8F85-FE6E8D947AA9}"
EndProject
Project("{FAE04EC0-301F-11D3-BF4B-00C04F79EFBC}") = "API_PhieuNhapKho", "API_PhieuNhapKho\API_PhieuNhapKho.csproj", "{B86056E1-CD23-44F6-A5B5-C2CE5B4E9C67}"
EndProject
Project("{FAE04EC0-301F-11D3-BF4B-00C04F79EFBC}") = "API_NhanVien", "API_NhanVien\API_NhanVien.csproj", "{6A89267E-BAD4-432E-9DBE-C76DADA4CE92}"
EndProject
Project("{FAE04EC0-301F-11D3-BF4B-00C04F79EFBC}") = "API_KhachHang", "API_KhachHang\API_KhachHang.csproj", "{76B80CE1-2B68-4051-A56C-4E46E569BA83}"
EndProject
Project("{FAE04EC0-301F-11D3-BF4B-00C04F79EFBC}") = "API_NhaCungCap", "API_NhaCungCap\API_NhaCungCap.csproj", "{CEAC9351-F0B8-434E-B8DA-F4C7B1EBE607}"
EndProject
Project("{FAE04EC0-301F-11D3-BF4B-00C04F79EFBC}") = "API_ThanhToan", "API_ThanhToan\API_ThanhToan.csproj", "{6B0AE940-3C13-4423-B932-D142E94BBA17}"
EndProject
Project("{FAE04EC0-301F-11D3-BF4B-00C04F79EFBC}") = "API_TaiKhoan", "API_TaiKhoan\API_TaiKhoan.csproj", "{BDD81742-BB96-4471-8E58-0EA2BBA0BFEF}"
EndProject
Project("{FAE04EC0-301F-11D3-BF4B-00C04F79EFBC}") = "API_KhuyenMai", "API_KhuyenMai\API_KhuyenMai.csproj", "{C5065AFF-DE35-487F-B25A-EB7D27634161}"
EndProject
Global
	GlobalSection(SolutionConfigurationPlatforms) = preSolution
		Debug|Any CPU = Debug|Any CPU
		Release|Any CPU = Release|Any CPU
	EndGlobalSection
	GlobalSection(ProjectConfigurationPlatforms) = postSolution
		{309A2369-43F3-4794-83E5-1E10F4CCAD1E}.Debug|Any CPU.ActiveCfg = Debug|Any CPU
		{309A2369-43F3-4794-83E5-1E10F4CCAD1E}.Debug|Any CPU.Build.0 = Debug|Any CPU
		{309A2369-43F3-4794-83E5-1E10F4CCAD1E}.Release|Any CPU.ActiveCfg = Release|Any CPU
		{309A2369-43F3-4794-83E5-1E10F4CCAD1E}.Release|Any CPU.Build.0 = Release|Any CPU
		{BC33FBC6-065C-49B0-BC9D-927047CA960B}.Debug|Any CPU.ActiveCfg = Debug|Any CPU
		{BC33FBC6-065C-49B0-BC9D-927047CA960B}.Debug|Any CPU.Build.0 = Debug|Any CPU
		{BC33FBC6-065C-49B0-BC9D-927047CA960B}.Release|Any CPU.ActiveCfg = Release|Any CPU
		{BC33FBC6-065C-49B0-BC9D-927047CA960B}.Release|Any CPU.Build.0 = Release|Any CPU
		{B6B37172-3727-4C14-818E-B9241E9BAC70}.Debug|Any CPU.ActiveCfg = Debug|Any CPU
		{B6B37172-3727-4C14-818E-B9241E9BAC70}.Debug|Any CPU.Build.0 = Debug|Any CPU
		{B6B37172-3727-4C14-818E-B9241E9BAC70}.Release|Any CPU.ActiveCfg = Release|Any CPU
		{B6B37172-3727-4C14-818E-B9241E9BAC70}.Release|Any CPU.Build.0 = Release|Any CPU
		{39643904-210C-4BE5-B738-F238FC685244}.Debug|Any CPU.ActiveCfg = Debug|Any CPU
		{39643904-210C-4BE5-B738-F238FC685244}.Debug|Any CPU.Build.0 = Debug|Any CPU
		{39643904-210C-4BE5-B738-F238FC685244}.Release|Any CPU.ActiveCfg = Release|Any CPU
		{39643904-210C-4BE5-B738-F238FC685244}.Release|Any CPU.Build.0 = Release|Any CPU
		{741F7B12-D895-49B2-9886-689BC5E887A8}.Debug|Any CPU.ActiveCfg = Debug|Any CPU
		{741F7B12-D895-49B2-9886-689BC5E887A8}.Debug|Any CPU.Build.0 = Debug|Any CPU
		{741F7B12-D895-49B2-9886-689BC5E887A8}.Release|Any CPU.ActiveCfg = Release|Any CPU
		{741F7B12-D895-49B2-9886-689BC5E887A8}.Release|Any CPU.Build.0 = Release|Any CPU
		{CCEBC054-6CE0-4E97-9C58-0E6C9A9C31DE}.Debug|Any CPU.ActiveCfg = Debug|Any CPU
		{CCEBC054-6CE0-4E97-9C58-0E6C9A9C31DE}.Debug|Any CPU.Build.0 = Debug|Any CPU
		{CCEBC054-6CE0-4E97-9C58-0E6C9A9C31DE}.Release|Any CPU.ActiveCfg = Release|Any CPU
		{CCEBC054-6CE0-4E97-9C58-0E6C9A9C31DE}.Release|Any CPU.Build.0 = Release|Any CPU
		{B0699616-B267-493D-BEA7-676D8D6175ED}.Debug|Any CPU.ActiveCfg = Debug|Any CPU
		{B0699616-B267-493D-BEA7-676D8D6175ED}.Debug|Any CPU.Build.0 = Debug|Any CPU
		{B0699616-B267-493D-BEA7-676D8D6175ED}.Release|Any CPU.ActiveCfg = Release|Any CPU
		{B0699616-B267-493D-BEA7-676D8D6175ED}.Release|Any CPU.Build.0 = Release|Any CPU
		{06F8B8FC-6B95-4D62-9848-AC1C2C14F1ED}.Debug|Any CPU.ActiveCfg = Debug|Any CPU
		{06F8B8FC-6B95-4D62-9848-AC1C2C14F1ED}.Debug|Any CPU.Build.0 = Debug|Any CPU
		{06F8B8FC-6B95-4D62-9848-AC1C2C14F1ED}.Release|Any CPU.ActiveCfg = Release|Any CPU
		{06F8B8FC-6B95-4D62-9848-AC1C2C14F1ED}.Release|Any CPU.Build.0 = Release|Any CPU
		{F8AE83D3-6D30-464D-9E21-BFB3800F608C}.Debug|Any CPU.ActiveCfg = Debug|Any CPU
		{F8AE83D3-6D30-464D-9E21-BFB3800F608C}.Debug|Any CPU.Build.0 = Debug|Any CPU
		{F8AE83D3-6D30-464D-9E21-BFB3800F608C}.Release|Any CPU.ActiveCfg = Release|Any CPU
		{F8AE83D3-6D30-464D-9E21-BFB3800F608C}.Release|Any CPU.Build.0 = Release|Any CPU
		{BC806AD6-D7E3-40D0-8F85-FE6E8D947AA9}.Debug|Any CPU.ActiveCfg = Debug|Any CPU
		{BC806AD6-D7E3-40D0-8F85-FE6E8D947AA9}.Debug|Any CPU.Build.0 = Debug|Any CPU
		{BC806AD6-D7E3-40D0-8F85-FE6E8D947AA9}.Release|Any CPU.ActiveCfg = Release|Any CPU
		{BC806AD6-D7E3-40D0-8F85-FE6E8D947AA9}.Release|Any CPU.Build.0 = Release|Any CPU
		{B86056E1-CD23-44F6-A5B5-C2CE5B4E9C67}.Debug|Any CPU.ActiveCfg = Debug|Any CPU
		{B86056E1-CD23-44F6-A5B5-C2CE5B4E9C67}.Debug|Any CPU.Build.0 = Debug|Any CPU
		{B86056E1-CD23-44F6-A5B5-C2CE5B4E9C67}.Release|Any CPU.ActiveCfg = Release|Any CPU
		{B86056E1-CD23-44F6-A5B5-C2CE5B4E9C67}.Release|Any CPU.Build.0 = Release|Any CPU
		{6A89267E-BAD4-432E-9DBE-C76DADA4CE92}.Debug|Any CPU.ActiveCfg = Debug|Any CPU
		{6A89267E-BAD4-432E-9DBE-C76DADA4CE92}.Debug|Any CPU.Build.0 = Debug|Any CPU
		{6A89267E-BAD4-432E-9DBE-C76DADA4CE92}.Release|Any CPU.ActiveCfg = Release|Any CPU
		{6A89267E-BAD4-432E-9DBE-C76DADA4CE92}.Release|Any CPU.Build.0 = Release|Any CPU
		{76B80CE1-2B68-4051-A56C-4E46E569BA83}.Debug|Any CPU.ActiveCfg = Debug|Any CPU
		{76B80CE1-2B68-4051-A56C-4E46E569BA83}.Debug|Any CPU.Build.0 = Debug|Any CPU
		{76B80CE1-2B68-4051-A56C-4E46E569BA83}.Release|Any CPU.ActiveCfg = Release|Any CPU
		{76B80CE1-2B68-4051-A56C-4E46E569BA83}.Release|Any CPU.Build.0 = Release|Any CPU
		{CEAC9351-F0B8-434E-B8DA-F4C7B1EBE607}.Debug|Any CPU.ActiveCfg = Debug|Any CPU
		{CEAC9351-F0B8-434E-B8DA-F4C7B1EBE607}.Debug|Any CPU.Build.0 = Debug|Any CPU
		{CEAC9351-F0B8-434E-B8DA-F4C7B1EBE607}.Release|Any CPU.ActiveCfg = Release|Any CPU
		{CEAC9351-F0B8-434E-B8DA-F4C7B1EBE607}.Release|Any CPU.Build.0 = Release|Any CPU
		{6B0AE940-3C13-4423-B932-D142E94BBA17}.Debug|Any CPU.ActiveCfg = Debug|Any CPU
		{6B0AE940-3C13-4423-B932-D142E94BBA17}.Debug|Any CPU.Build.0 = Debug|Any CPU
		{6B0AE940-3C13-4423-B932-D142E94BBA17}.Release|Any CPU.ActiveCfg = Release|Any CPU
		{6B0AE940-3C13-4423-B932-D142E94BBA17}.Release|Any CPU.Build.0 = Release|Any CPU
		{BDD81742-BB96-4471-8E58-0EA2BBA0BFEF}.Debug|Any CPU.ActiveCfg = Debug|Any CPU
		{BDD81742-BB96-4471-8E58-0EA2BBA0BFEF}.Debug|Any CPU.Build.0 = Debug|Any CPU
		{BDD81742-BB96-4471-8E58-0EA2BBA0BFEF}.Release|Any CPU.ActiveCfg = Release|Any CPU
		{BDD81742-BB96-4471-8E58-0EA2BBA0BFEF}.Release|Any CPU.Build.0 = Release|Any CPU
		{C5065AFF-DE35-487F-B25A-EB7D27634161}.Debug|Any CPU.ActiveCfg = Debug|Any CPU
		{C5065AFF-DE35-487F-B25A-EB7D27634161}.Debug|Any CPU.Build.0 = Debug|Any CPU
		{C5065AFF-DE35-487F-B25A-EB7D27634161}.Release|Any CPU.ActiveCfg = Release|Any CPU
		{C5065AFF-DE35-487F-B25A-EB7D27634161}.Release|Any CPU.Build.0 = Release|Any CPU
	EndGlobalSection
	GlobalSection(SolutionProperties) = preSolution
		HideSolutionNode = FALSE
	EndGlobalSection
	GlobalSection(ExtensibilityGlobals) = postSolution
		SolutionGuid = {01727779-A4F2-4A40-947C-CFDBD5E348EE}
	EndGlobalSection
EndGlobal
